// !$*UTF8*$!
{
	archiveVersion = 1;
	classes = {
	};
	objectVersion = 56;
	objects = {

/* Begin PBXBuildFile section */
		57234AE62B902DDE000C50A0 /* FriendWiseApp.swift in Sources */ = {isa = PBXBuildFile; fileRef = 57234AE52B902DDE000C50A0 /* FriendWiseApp.swift */; };
		57234AE82B902DDE000C50A0 /* ContentView.swift in Sources */ = {isa = PBXBuildFile; fileRef = 57234AE72B902DDE000C50A0 /* ContentView.swift */; };
		57234AEA2B902DDF000C50A0 /* Assets.xcassets in Resources */ = {isa = PBXBuildFile; fileRef = 57234AE92B902DDF000C50A0 /* Assets.xcassets */; };
		57234AEE2B902DDF000C50A0 /* Preview Assets.xcassets in Resources */ = {isa = PBXBuildFile; fileRef = 57234AED2B902DDF000C50A0 /* Preview Assets.xcassets */; };
		57234AF82B902DDF000C50A0 /* FriendWiseTests.swift in Sources */ = {isa = PBXBuildFile; fileRef = 57234AF72B902DDF000C50A0 /* FriendWiseTests.swift */; };
		57234B022B902DDF000C50A0 /* FriendWiseUITests.swift in Sources */ = {isa = PBXBuildFile; fileRef = 57234B012B902DDF000C50A0 /* FriendWiseUITests.swift */; };
		57234B042B902DDF000C50A0 /* FriendWiseUITestsLaunchTests.swift in Sources */ = {isa = PBXBuildFile; fileRef = 57234B032B902DDF000C50A0 /* FriendWiseUITestsLaunchTests.swift */; };
		57234B112B90348C000C50A0 /* User.swift in Sources */ = {isa = PBXBuildFile; fileRef = 57234B102B90348C000C50A0 /* User.swift */; };
		57234B132B903491000C50A0 /* Friend.swift in Sources */ = {isa = PBXBuildFile; fileRef = 57234B122B903491000C50A0 /* Friend.swift */; };
		57234B152B904E90000C50A0 /* UserView.swift in Sources */ = {isa = PBXBuildFile; fileRef = 57234B142B904E90000C50A0 /* UserView.swift */; };
/* End PBXBuildFile section */

/* Begin PBXContainerItemProxy section */
		57234AF42B902DDF000C50A0 /* PBXContainerItemProxy */ = {
			isa = PBXContainerItemProxy;
			containerPortal = 57234ADA2B902DDE000C50A0 /* Project object */;
			proxyType = 1;
			remoteGlobalIDString = 57234AE12B902DDE000C50A0;
			remoteInfo = FriendWise;
		};
		57234AFE2B902DDF000C50A0 /* PBXContainerItemProxy */ = {
			isa = PBXContainerItemProxy;
			containerPortal = 57234ADA2B902DDE000C50A0 /* Project object */;
			proxyType = 1;
			remoteGlobalIDString = 57234AE12B902DDE000C50A0;
			remoteInfo = FriendWise;
		};
/* End PBXContainerItemProxy section */

/* Begin PBXFileReference section */
		57234AE22B902DDE000C50A0 /* FriendWise.app */ = {isa = PBXFileReference; explicitFileType = wrapper.application; includeInIndex = 0; path = FriendWise.app; sourceTree = BUILT_PRODUCTS_DIR; };
		57234AE52B902DDE000C50A0 /* FriendWiseApp.swift */ = {isa = PBXFileReference; lastKnownFileType = sourcecode.swift; path = FriendWiseApp.swift; sourceTree = "<group>"; };
		57234AE72B902DDE000C50A0 /* ContentView.swift */ = {isa = PBXFileReference; lastKnownFileType = sourcecode.swift; path = ContentView.swift; sourceTree = "<group>"; };
		57234AE92B902DDF000C50A0 /* Assets.xcassets */ = {isa = PBXFileReference; lastKnownFileType = folder.assetcatalog; path = Assets.xcassets; sourceTree = "<group>"; };
		57234AEB2B902DDF000C50A0 /* FriendWise.entitlements */ = {isa = PBXFileReference; lastKnownFileType = text.plist.entitlements; path = FriendWise.entitlements; sourceTree = "<group>"; };
		57234AED2B902DDF000C50A0 /* Preview Assets.xcassets */ = {isa = PBXFileReference; lastKnownFileType = folder.assetcatalog; path = "Preview Assets.xcassets"; sourceTree = "<group>"; };
		57234AF32B902DDF000C50A0 /* FriendWiseTests.xctest */ = {isa = PBXFileReference; explicitFileType = wrapper.cfbundle; includeInIndex = 0; path = FriendWiseTests.xctest; sourceTree = BUILT_PRODUCTS_DIR; };
		57234AF72B902DDF000C50A0 /* FriendWiseTests.swift */ = {isa = PBXFileReference; lastKnownFileType = sourcecode.swift; path = FriendWiseTests.swift; sourceTree = "<group>"; };
		57234AFD2B902DDF000C50A0 /* FriendWiseUITests.xctest */ = {isa = PBXFileReference; explicitFileType = wrapper.cfbundle; includeInIndex = 0; path = FriendWiseUITests.xctest; sourceTree = BUILT_PRODUCTS_DIR; };
		57234B012B902DDF000C50A0 /* FriendWiseUITests.swift */ = {isa = PBXFileReference; lastKnownFileType = sourcecode.swift; path = FriendWiseUITests.swift; sourceTree = "<group>"; };
		57234B032B902DDF000C50A0 /* FriendWiseUITestsLaunchTests.swift */ = {isa = PBXFileReference; lastKnownFileType = sourcecode.swift; path = FriendWiseUITestsLaunchTests.swift; sourceTree = "<group>"; };
		57234B102B90348C000C50A0 /* User.swift */ = {isa = PBXFileReference; lastKnownFileType = sourcecode.swift; path = User.swift; sourceTree = "<group>"; };
		57234B122B903491000C50A0 /* Friend.swift */ = {isa = PBXFileReference; lastKnownFileType = sourcecode.swift; path = Friend.swift; sourceTree = "<group>"; };
		57234B142B904E90000C50A0 /* UserView.swift */ = {isa = PBXFileReference; lastKnownFileType = sourcecode.swift; path = UserView.swift; sourceTree = "<group>"; };
		574DC7822B91713E00F8C34E /* README.md */ = {isa = PBXFileReference; lastKnownFileType = net.daringfireball.markdown; path = README.md; sourceTree = "<group>"; };
/* End PBXFileReference section */

/* Begin PBXFrameworksBuildPhase section */
		57234ADF2B902DDE000C50A0 /* Frameworks */ = {
			isa = PBXFrameworksBuildPhase;
			buildActionMask = 2147483647;
			files = (
			);
			runOnlyForDeploymentPostprocessing = 0;
		};
		57234AF02B902DDF000C50A0 /* Frameworks */ = {
			isa = PBXFrameworksBuildPhase;
			buildActionMask = 2147483647;
			files = (
			);
			runOnlyForDeploymentPostprocessing = 0;
		};
		57234AFA2B902DDF000C50A0 /* Frameworks */ = {
			isa = PBXFrameworksBuildPhase;
			buildActionMask = 2147483647;
			files = (
			);
			runOnlyForDeploymentPostprocessing = 0;
		};
/* End PBXFrameworksBuildPhase section */

/* Begin PBXGroup section */
		57234AD92B902DDE000C50A0 = {
			isa = PBXGroup;
			children = (
				574DC7822B91713E00F8C34E /* README.md */,
				57234AE42B902DDE000C50A0 /* FriendWise */,
				57234AF62B902DDF000C50A0 /* FriendWiseTests */,
				57234B002B902DDF000C50A0 /* FriendWiseUITests */,
				57234AE32B902DDE000C50A0 /* Products */,
			);
			sourceTree = "<group>";
		};
		57234AE32B902DDE000C50A0 /* Products */ = {
			isa = PBXGroup;
			children = (
				57234AE22B902DDE000C50A0 /* FriendWise.app */,
				57234AF32B902DDF000C50A0 /* FriendWiseTests.xctest */,
				57234AFD2B902DDF000C50A0 /* FriendWiseUITests.xctest */,
			);
			name = Products;
			sourceTree = "<group>";
		};
		57234AE42B902DDE000C50A0 /* FriendWise */ = {
			isa = PBXGroup;
			children = (
				57234AE52B902DDE000C50A0 /* FriendWiseApp.swift */,
				57234AE72B902DDE000C50A0 /* ContentView.swift */,
				57234B142B904E90000C50A0 /* UserView.swift */,
				57234AE92B902DDF000C50A0 /* Assets.xcassets */,
				57234AEB2B902DDF000C50A0 /* FriendWise.entitlements */,
				57234AEC2B902DDF000C50A0 /* Preview Content */,
				57234B102B90348C000C50A0 /* User.swift */,
				57234B122B903491000C50A0 /* Friend.swift */,
			);
			path = FriendWise;
			sourceTree = "<group>";
		};
		57234AEC2B902DDF000C50A0 /* Preview Content */ = {
			isa = PBXGroup;
			children = (
				57234AED2B902DDF000C50A0 /* Preview Assets.xcassets */,
			);
			path = "Preview Content";
			sourceTree = "<group>";
		};
		57234AF62B902DDF000C50A0 /* FriendWiseTests */ = {
			isa = PBXGroup;
			children = (
				57234AF72B902DDF000C50A0 /* FriendWiseTests.swift */,
			);
			path = FriendWiseTests;
			sourceTree = "<group>";
		};
		57234B002B902DDF000C50A0 /* FriendWiseUITests */ = {
			isa = PBXGroup;
			children = (
				57234B012B902DDF000C50A0 /* FriendWiseUITests.swift */,
				57234B032B902DDF000C50A0 /* FriendWiseUITestsLaunchTests.swift */,
			);
			path = FriendWiseUITests;
			sourceTree = "<group>";
		};
/* End PBXGroup section */

/* Begin PBXNativeTarget section */
		57234AE12B902DDE000C50A0 /* FriendWise */ = {
			isa = PBXNativeTarget;
			buildConfigurationList = 57234B072B902DDF000C50A0 /* Build configuration list for PBXNativeTarget "FriendWise" */;
			buildPhases = (
				57234ADE2B902DDE000C50A0 /* Sources */,
				57234ADF2B902DDE000C50A0 /* Frameworks */,
				57234AE02B902DDE000C50A0 /* Resources */,
			);
			buildRules = (
			);
			dependencies = (
			);
			name = FriendWise;
			productName = FriendWise;
			productReference = 57234AE22B902DDE000C50A0 /* FriendWise.app */;
			productType = "com.apple.product-type.application";
		};
		57234AF22B902DDF000C50A0 /* FriendWiseTests */ = {
			isa = PBXNativeTarget;
			buildConfigurationList = 57234B0A2B902DDF000C50A0 /* Build configuration list for PBXNativeTarget "FriendWiseTests" */;
			buildPhases = (
				57234AEF2B902DDF000C50A0 /* Sources */,
				57234AF02B902DDF000C50A0 /* Frameworks */,
				57234AF12B902DDF000C50A0 /* Resources */,
			);
			buildRules = (
			);
			dependencies = (
				57234AF52B902DDF000C50A0 /* PBXTargetDependency */,
			);
			name = FriendWiseTests;
			productName = FriendWiseTests;
			productReference = 57234AF32B902DDF000C50A0 /* FriendWiseTests.xctest */;
			productType = "com.apple.product-type.bundle.unit-test";
		};
		57234AFC2B902DDF000C50A0 /* FriendWiseUITests */ = {
			isa = PBXNativeTarget;
			buildConfigurationList = 57234B0D2B902DDF000C50A0 /* Build configuration list for PBXNativeTarget "FriendWiseUITests" */;
			buildPhases = (
				57234AF92B902DDF000C50A0 /* Sources */,
				57234AFA2B902DDF000C50A0 /* Frameworks */,
				57234AFB2B902DDF000C50A0 /* Resources */,
			);
			buildRules = (
			);
			dependencies = (
				57234AFF2B902DDF000C50A0 /* PBXTargetDependency */,
			);
			name = FriendWiseUITests;
			productName = FriendWiseUITests;
			productReference = 57234AFD2B902DDF000C50A0 /* FriendWiseUITests.xctest */;
			productType = "com.apple.product-type.bundle.ui-testing";
		};
/* End PBXNativeTarget section */

/* Begin PBXProject section */
		57234ADA2B902DDE000C50A0 /* Project object */ = {
			isa = PBXProject;
			attributes = {
				BuildIndependentTargetsInParallel = 1;
				LastSwiftUpdateCheck = 1510;
				LastUpgradeCheck = 1510;
				TargetAttributes = {
					57234AE12B902DDE000C50A0 = {
						CreatedOnToolsVersion = 15.1;
					};
					57234AF22B902DDF000C50A0 = {
						CreatedOnToolsVersion = 15.1;
						TestTargetID = 57234AE12B902DDE000C50A0;
					};
					57234AFC2B902DDF000C50A0 = {
						CreatedOnToolsVersion = 15.1;
						TestTargetID = 57234AE12B902DDE000C50A0;
					};
				};
			};
			buildConfigurationList = 57234ADD2B902DDE000C50A0 /* Build configuration list for PBXProject "FriendWise" */;
			compatibilityVersion = "Xcode 14.0";
			developmentRegion = en;
			hasScannedForEncodings = 0;
			knownRegions = (
				en,
				Base,
			);
			mainGroup = 57234AD92B902DDE000C50A0;
			productRefGroup = 57234AE32B902DDE000C50A0 /* Products */;
			projectDirPath = "";
			projectRoot = "";
			targets = (
				57234AE12B902DDE000C50A0 /* FriendWise */,
				57234AF22B902DDF000C50A0 /* FriendWiseTests */,
				57234AFC2B902DDF000C50A0 /* FriendWiseUITests */,
			);
		};
/* End PBXProject section */

/* Begin PBXResourcesBuildPhase section */
		57234AE02B902DDE000C50A0 /* Resources */ = {
			isa = PBXResourcesBuildPhase;
			buildActionMask = 2147483647;
			files = (
				57234AEE2B902DDF000C50A0 /* Preview Assets.xcassets in Resources */,
				57234AEA2B902DDF000C50A0 /* Assets.xcassets in Resources */,
			);
			runOnlyForDeploymentPostprocessing = 0;
		};
		57234AF12B902DDF000C50A0 /* Resources */ = {
			isa = PBXResourcesBuildPhase;
			buildActionMask = 2147483647;
			files = (
			);
			runOnlyForDeploymentPostprocessing = 0;
		};
		57234AFB2B902DDF000C50A0 /* Resources */ = {
			isa = PBXResourcesBuildPhase;
			buildActionMask = 2147483647;
			files = (
			);
			runOnlyForDeploymentPostprocessing = 0;
		};
/* End PBXResourcesBuildPhase section */

/* Begin PBXSourcesBuildPhase section */
		57234ADE2B902DDE000C50A0 /* Sources */ = {
			isa = PBXSourcesBuildPhase;
			buildActionMask = 2147483647;
			files = (
				57234AE82B902DDE000C50A0 /* ContentView.swift in Sources */,
				57234AE62B902DDE000C50A0 /* FriendWiseApp.swift in Sources */,
				57234B152B904E90000C50A0 /* UserView.swift in Sources */,
				57234B112B90348C000C50A0 /* User.swift in Sources */,
				57234B132B903491000C50A0 /* Friend.swift in Sources */,
			);
			runOnlyForDeploymentPostprocessing = 0;
		};
		57234AEF2B902DDF000C50A0 /* Sources */ = {
			isa = PBXSourcesBuildPhase;
			buildActionMask = 2147483647;
			files = (
				57234AF82B902DDF000C50A0 /* FriendWiseTests.swift in Sources */,
			);
			runOnlyForDeploymentPostprocessing = 0;
		};
		57234AF92B902DDF000C50A0 /* Sources */ = {
			isa = PBXSourcesBuildPhase;
			buildActionMask = 2147483647;
			files = (
				57234B042B902DDF000C50A0 /* FriendWiseUITestsLaunchTests.swift in Sources */,
				57234B022B902DDF000C50A0 /* FriendWiseUITests.swift in Sources */,
			);
			runOnlyForDeploymentPostprocessing = 0;
		};
/* End PBXSourcesBuildPhase section */

/* Begin PBXTargetDependency section */
		57234AF52B902DDF000C50A0 /* PBXTargetDependency */ = {
			isa = PBXTargetDependency;
			target = 57234AE12B902DDE000C50A0 /* FriendWise */;
			targetProxy = 57234AF42B902DDF000C50A0 /* PBXContainerItemProxy */;
		};
		57234AFF2B902DDF000C50A0 /* PBXTargetDependency */ = {
			isa = PBXTargetDependency;
			target = 57234AE12B902DDE000C50A0 /* FriendWise */;
			targetProxy = 57234AFE2B902DDF000C50A0 /* PBXContainerItemProxy */;
		};
/* End PBXTargetDependency section */

/* Begin XCBuildConfiguration section */
		57234B052B902DDF000C50A0 /* Debug */ = {
			isa = XCBuildConfiguration;
			buildSettings = {
				ALWAYS_SEARCH_USER_PATHS = NO;
				ASSETCATALOG_COMPILER_GENERATE_SWIFT_ASSET_SYMBOL_EXTENSIONS = YES;
				CLANG_ANALYZER_NONNULL = YES;
				CLANG_ANALYZER_NUMBER_OBJECT_CONVERSION = YES_AGGRESSIVE;
				CLANG_CXX_LANGUAGE_STANDARD = "gnu++20";
				CLANG_ENABLE_MODULES = YES;
				CLANG_ENABLE_OBJC_ARC = YES;
				CLANG_ENABLE_OBJC_WEAK = YES;
				CLANG_WARN_BLOCK_CAPTURE_AUTORELEASING = YES;
				CLANG_WARN_BOOL_CONVERSION = YES;
				CLANG_WARN_COMMA = YES;
				CLANG_WARN_CONSTANT_CONVERSION = YES;
				CLANG_WARN_DEPRECATED_OBJC_IMPLEMENTATIONS = YES;
				CLANG_WARN_DIRECT_OBJC_ISA_USAGE = YES_ERROR;
				CLANG_WARN_DOCUMENTATION_COMMENTS = YES;
				CLANG_WARN_EMPTY_BODY = YES;
				CLANG_WARN_ENUM_CONVERSION = YES;
				CLANG_WARN_INFINITE_RECURSION = YES;
				CLANG_WARN_INT_CONVERSION = YES;
				CLANG_WARN_NON_LITERAL_NULL_CONVERSION = YES;
				CLANG_WARN_OBJC_IMPLICIT_RETAIN_SELF = YES;
				CLANG_WARN_OBJC_LITERAL_CONVERSION = YES;
				CLANG_WARN_OBJC_ROOT_CLASS = YES_ERROR;
				CLANG_WARN_QUOTED_INCLUDE_IN_FRAMEWORK_HEADER = YES;
				CLANG_WARN_RANGE_LOOP_ANALYSIS = YES;
				CLANG_WARN_STRICT_PROTOTYPES = YES;
				CLANG_WARN_SUSPICIOUS_MOVE = YES;
				CLANG_WARN_UNGUARDED_AVAILABILITY = YES_AGGRESSIVE;
				CLANG_WARN_UNREACHABLE_CODE = YES;
				CLANG_WARN__DUPLICATE_METHOD_MATCH = YES;
				COPY_PHASE_STRIP = NO;
				DEBUG_INFORMATION_FORMAT = dwarf;
				ENABLE_STRICT_OBJC_MSGSEND = YES;
				ENABLE_TESTABILITY = YES;
				ENABLE_USER_SCRIPT_SANDBOXING = YES;
				GCC_C_LANGUAGE_STANDARD = gnu17;
				GCC_DYNAMIC_NO_PIC = NO;
				GCC_NO_COMMON_BLOCKS = YES;
				GCC_OPTIMIZATION_LEVEL = 0;
				GCC_PREPROCESSOR_DEFINITIONS = (
					"DEBUG=1",
					"$(inherited)",
				);
				GCC_WARN_64_TO_32_BIT_CONVERSION = YES;
				GCC_WARN_ABOUT_RETURN_TYPE = YES_ERROR;
				GCC_WARN_UNDECLARED_SELECTOR = YES;
				GCC_WARN_UNINITIALIZED_AUTOS = YES_AGGRESSIVE;
				GCC_WARN_UNUSED_FUNCTION = YES;
				GCC_WARN_UNUSED_VARIABLE = YES;
				LOCALIZATION_PREFERS_STRING_CATALOGS = YES;
				MTL_ENABLE_DEBUG_INFO = INCLUDE_SOURCE;
				MTL_FAST_MATH = YES;
				ONLY_ACTIVE_ARCH = YES;
				SWIFT_ACTIVE_COMPILATION_CONDITIONS = "DEBUG $(inherited)";
				SWIFT_OPTIMIZATION_LEVEL = "-Onone";
			};
			name = Debug;
		};
		57234B062B902DDF000C50A0 /* Release */ = {
			isa = XCBuildConfiguration;
			buildSettings = {
				ALWAYS_SEARCH_USER_PATHS = NO;
				ASSETCATALOG_COMPILER_GENERATE_SWIFT_ASSET_SYMBOL_EXTENSIONS = YES;
				CLANG_ANALYZER_NONNULL = YES;
				CLANG_ANALYZER_NUMBER_OBJECT_CONVERSION = YES_AGGRESSIVE;
				CLANG_CXX_LANGUAGE_STANDARD = "gnu++20";
				CLANG_ENABLE_MODULES = YES;
				CLANG_ENABLE_OBJC_ARC = YES;
				CLANG_ENABLE_OBJC_WEAK = YES;
				CLANG_WARN_BLOCK_CAPTURE_AUTORELEASING = YES;
				CLANG_WARN_BOOL_CONVERSION = YES;
				CLANG_WARN_COMMA = YES;
				CLANG_WARN_CONSTANT_CONVERSION = YES;
				CLANG_WARN_DEPRECATED_OBJC_IMPLEMENTATIONS = YES;
				CLANG_WARN_DIRECT_OBJC_ISA_USAGE = YES_ERROR;
				CLANG_WARN_DOCUMENTATION_COMMENTS = YES;
				CLANG_WARN_EMPTY_BODY = YES;
				CLANG_WARN_ENUM_CONVERSION = YES;
				CLANG_WARN_INFINITE_RECURSION = YES;
				CLANG_WARN_INT_CONVERSION = YES;
				CLANG_WARN_NON_LITERAL_NULL_CONVERSION = YES;
				CLANG_WARN_OBJC_IMPLICIT_RETAIN_SELF = YES;
				CLANG_WARN_OBJC_LITERAL_CONVERSION = YES;
				CLANG_WARN_OBJC_ROOT_CLASS = YES_ERROR;
				CLANG_WARN_QUOTED_INCLUDE_IN_FRAMEWORK_HEADER = YES;
				CLANG_WARN_RANGE_LOOP_ANALYSIS = YES;
				CLANG_WARN_STRICT_PROTOTYPES = YES;
				CLANG_WARN_SUSPICIOUS_MOVE = YES;
				CLANG_WARN_UNGUARDED_AVAILABILITY = YES_AGGRESSIVE;
				CLANG_WARN_UNREACHABLE_CODE = YES;
				CLANG_WARN__DUPLICATE_METHOD_MATCH = YES;
				COPY_PHASE_STRIP = NO;
				DEBUG_INFORMATION_FORMAT = "dwarf-with-dsym";
				ENABLE_NS_ASSERTIONS = NO;
				ENABLE_STRICT_OBJC_MSGSEND = YES;
				ENABLE_USER_SCRIPT_SANDBOXING = YES;
				GCC_C_LANGUAGE_STANDARD = gnu17;
				GCC_NO_COMMON_BLOCKS = YES;
				GCC_WARN_64_TO_32_BIT_CONVERSION = YES;
				GCC_WARN_ABOUT_RETURN_TYPE = YES_ERROR;
				GCC_WARN_UNDECLARED_SELECTOR = YES;
				GCC_WARN_UNINITIALIZED_AUTOS = YES_AGGRESSIVE;
				GCC_WARN_UNUSED_FUNCTION = YES;
				GCC_WARN_UNUSED_VARIABLE = YES;
				LOCALIZATION_PREFERS_STRING_CATALOGS = YES;
				MTL_ENABLE_DEBUG_INFO = NO;
				MTL_FAST_MATH = YES;
				SWIFT_COMPILATION_MODE = wholemodule;
			};
			name = Release;
		};
		57234B082B902DDF000C50A0 /* Debug */ = {
			isa = XCBuildConfiguration;
			buildSettings = {
				ASSETCATALOG_COMPILER_APPICON_NAME = AppIcon;
				ASSETCATALOG_COMPILER_GLOBAL_ACCENT_COLOR_NAME = AccentColor;
				CODE_SIGN_ENTITLEMENTS = FriendWise/FriendWise.entitlements;
				CODE_SIGN_STYLE = Automatic;
				CURRENT_PROJECT_VERSION = 1;
				DEVELOPMENT_ASSET_PATHS = "\"FriendWise/Preview Content\"";
				DEVELOPMENT_TEAM = L6R97MY7CT;
				ENABLE_HARDENED_RUNTIME = YES;
				ENABLE_PREVIEWS = YES;
				GENERATE_INFOPLIST_FILE = YES;
				"INFOPLIST_KEY_UIApplicationSceneManifest_Generation[sdk=iphoneos*]" = YES;
				"INFOPLIST_KEY_UIApplicationSceneManifest_Generation[sdk=iphonesimulator*]" = YES;
				"INFOPLIST_KEY_UIApplicationSupportsIndirectInputEvents[sdk=iphoneos*]" = YES;
				"INFOPLIST_KEY_UIApplicationSupportsIndirectInputEvents[sdk=iphonesimulator*]" = YES;
				"INFOPLIST_KEY_UILaunchScreen_Generation[sdk=iphoneos*]" = YES;
				"INFOPLIST_KEY_UILaunchScreen_Generation[sdk=iphonesimulator*]" = YES;
				"INFOPLIST_KEY_UIStatusBarStyle[sdk=iphoneos*]" = UIStatusBarStyleDefault;
				"INFOPLIST_KEY_UIStatusBarStyle[sdk=iphonesimulator*]" = UIStatusBarStyleDefault;
				INFOPLIST_KEY_UISupportedInterfaceOrientations_iPad = "UIInterfaceOrientationPortrait UIInterfaceOrientationPortraitUpsideDown UIInterfaceOrientationLandscapeLeft UIInterfaceOrientationLandscapeRight";
				INFOPLIST_KEY_UISupportedInterfaceOrientations_iPhone = "UIInterfaceOrientationPortrait UIInterfaceOrientationLandscapeLeft UIInterfaceOrientationLandscapeRight";
				IPHONEOS_DEPLOYMENT_TARGET = 17.2;
				LD_RUNPATH_SEARCH_PATHS = "@executable_path/Frameworks";
				"LD_RUNPATH_SEARCH_PATHS[sdk=macosx*]" = "@executable_path/../Frameworks";
				MACOSX_DEPLOYMENT_TARGET = 14.2;
				MARKETING_VERSION = 1.0;
				PRODUCT_BUNDLE_IDENTIFIER = ramsayleung.github.io.FriendWise;
				PRODUCT_NAME = "$(TARGET_NAME)";
				SDKROOT = auto;
				SUPPORTED_PLATFORMS = "iphoneos iphonesimulator macosx";
				SWIFT_EMIT_LOC_STRINGS = YES;
				SWIFT_VERSION = 5.0;
				TARGETED_DEVICE_FAMILY = "1,2";
			};
			name = Debug;
		};
		57234B092B902DDF000C50A0 /* Release */ = {
			isa = XCBuildConfiguration;
			buildSettings = {
				ASSETCATALOG_COMPILER_APPICON_NAME = AppIcon;
				ASSETCATALOG_COMPILER_GLOBAL_ACCENT_COLOR_NAME = AccentColor;
				CODE_SIGN_ENTITLEMENTS = FriendWise/FriendWise.entitlements;
				CODE_SIGN_STYLE = Automatic;
				CURRENT_PROJECT_VERSION = 1;
				DEVELOPMENT_ASSET_PATHS = "\"FriendWise/Preview Content\"";
				DEVELOPMENT_TEAM = L6R97MY7CT;
				ENABLE_HARDENED_RUNTIME = YES;
				ENABLE_PREVIEWS = YES;
				GENERATE_INFOPLIST_FILE = YES;
				"INFOPLIST_KEY_UIApplicationSceneManifest_Generation[sdk=iphoneos*]" = YES;
				"INFOPLIST_KEY_UIApplicationSceneManifest_Generation[sdk=iphonesimulator*]" = YES;
				"INFOPLIST_KEY_UIApplicationSupportsIndirectInputEvents[sdk=iphoneos*]" = YES;
				"INFOPLIST_KEY_UIApplicationSupportsIndirectInputEvents[sdk=iphonesimulator*]" = YES;
				"INFOPLIST_KEY_UILaunchScreen_Generation[sdk=iphoneos*]" = YES;
				"INFOPLIST_KEY_UILaunchScreen_Generation[sdk=iphonesimulator*]" = YES;
				"INFOPLIST_KEY_UIStatusBarStyle[sdk=iphoneos*]" = UIStatusBarStyleDefault;
				"INFOPLIST_KEY_UIStatusBarStyle[sdk=iphonesimulator*]" = UIStatusBarStyleDefault;
				INFOPLIST_KEY_UISupportedInterfaceOrientations_iPad = "UIInterfaceOrientationPortrait UIInterfaceOrientationPortraitUpsideDown UIInterfaceOrientationLandscapeLeft UIInterfaceOrientationLandscapeRight";
				INFOPLIST_KEY_UISupportedInterfaceOrientations_iPhone = "UIInterfaceOrientationPortrait UIInterfaceOrientationLandscapeLeft UIInterfaceOrientationLandscapeRight";
				IPHONEOS_DEPLOYMENT_TARGET = 17.2;
				LD_RUNPATH_SEARCH_PATHS = "@executable_path/Frameworks";
				"LD_RUNPATH_SEARCH_PATHS[sdk=macosx*]" = "@executable_path/../Frameworks";
				MACOSX_DEPLOYMENT_TARGET = 14.2;
				MARKETING_VERSION = 1.0;
				PRODUCT_BUNDLE_IDENTIFIER = ramsayleung.github.io.FriendWise;
				PRODUCT_NAME = "$(TARGET_NAME)";
				SDKROOT = auto;
				SUPPORTED_PLATFORMS = "iphoneos iphonesimulator macosx";
				SWIFT_EMIT_LOC_STRINGS = YES;
				SWIFT_VERSION = 5.0;
				TARGETED_DEVICE_FAMILY = "1,2";
			};
			name = Release;
		};
		57234B0B2B902DDF000C50A0 /* Debug */ = {
			isa = XCBuildConfiguration;
			buildSettings = {
				ALWAYS_EMBED_SWIFT_STANDARD_LIBRARIES = YES;
				BUNDLE_LOADER = "$(TEST_HOST)";
				CODE_SIGN_STYLE = Automatic;
				CURRENT_PROJECT_VERSION = 1;
				DEVELOPMENT_TEAM = L6R97MY7CT;
				GENERATE_INFOPLIST_FILE = YES;
				IPHONEOS_DEPLOYMENT_TARGET = 17.2;
				MACOSX_DEPLOYMENT_TARGET = 14.2;
				MARKETING_VERSION = 1.0;
				PRODUCT_BUNDLE_IDENTIFIER = ramsayleung.github.io.FriendWiseTests;
				PRODUCT_NAME = "$(TARGET_NAME)";
				SDKROOT = auto;
				SUPPORTED_PLATFORMS = "iphoneos iphonesimulator macosx";
				SWIFT_EMIT_LOC_STRINGS = NO;
				SWIFT_VERSION = 5.0;
				TARGETED_DEVICE_FAMILY = "1,2";
				TEST_HOST = "$(BUILT_PRODUCTS_DIR)/FriendWise.app/$(BUNDLE_EXECUTABLE_FOLDER_PATH)/FriendWise";
			};
			name = Debug;
		};
		57234B0C2B902DDF000C50A0 /* Release */ = {
			isa = XCBuildConfiguration;
			buildSettings = {
				ALWAYS_EMBED_SWIFT_STANDARD_LIBRARIES = YES;
				BUNDLE_LOADER = "$(TEST_HOST)";
				CODE_SIGN_STYLE = Automatic;
				CURRENT_PROJECT_VERSION = 1;
				DEVELOPMENT_TEAM = L6R97MY7CT;
				GENERATE_INFOPLIST_FILE = YES;
				IPHONEOS_DEPLOYMENT_TARGET = 17.2;
				MACOSX_DEPLOYMENT_TARGET = 14.2;
				MARKETING_VERSION = 1.0;
				PRODUCT_BUNDLE_IDENTIFIER = ramsayleung.github.io.FriendWiseTests;
				PRODUCT_NAME = "$(TARGET_NAME)";
				SDKROOT = auto;
				SUPPORTED_PLATFORMS = "iphoneos iphonesimulator macosx";
				SWIFT_EMIT_LOC_STRINGS = NO;
				SWIFT_VERSION = 5.0;
				TARGETED_DEVICE_FAMILY = "1,2";
				TEST_HOST = "$(BUILT_PRODUCTS_DIR)/FriendWise.app/$(BUNDLE_EXECUTABLE_FOLDER_PATH)/FriendWise";
			};
			name = Release;
		};
		57234B0E2B902DDF000C50A0 /* Debug */ = {
			isa = XCBuildConfiguration;
			buildSettings = {
				ALWAYS_EMBED_SWIFT_STANDARD_LIBRARIES = YES;
				CODE_SIGN_STYLE = Automatic;
				CURRENT_PROJECT_VERSION = 1;
				DEVELOPMENT_TEAM = L6R97MY7CT;
				GENERATE_INFOPLIST_FILE = YES;
				IPHONEOS_DEPLOYMENT_TARGET = 17.2;
				MACOSX_DEPLOYMENT_TARGET = 14.2;
				MARKETING_VERSION = 1.0;
				PRODUCT_BUNDLE_IDENTIFIER = ramsayleung.github.io.FriendWiseUITests;
				PRODUCT_NAME = "$(TARGET_NAME)";
				SDKROOT = auto;
				SUPPORTED_PLATFORMS = "iphoneos iphonesimulator macosx";
				SWIFT_EMIT_LOC_STRINGS = NO;
				SWIFT_VERSION = 5.0;
				TARGETED_DEVICE_FAMILY = "1,2";
				TEST_TARGET_NAME = FriendWise;
			};
			name = Debug;
		};
		57234B0F2B902DDF000C50A0 /* Release */ = {
			isa = XCBuildConfiguration;
			buildSettings = {
				ALWAYS_EMBED_SWIFT_STANDARD_LIBRARIES = YES;
				CODE_SIGN_STYLE = Automatic;
				CURRENT_PROJECT_VERSION = 1;
				DEVELOPMENT_TEAM = L6R97MY7CT;
				GENERATE_INFOPLIST_FILE = YES;
				IPHONEOS_DEPLOYMENT_TARGET = 17.2;
				MACOSX_DEPLOYMENT_TARGET = 14.2;
				MARKETING_VERSION = 1.0;
				PRODUCT_BUNDLE_IDENTIFIER = ramsayleung.github.io.FriendWiseUITests;
				PRODUCT_NAME = "$(TARGET_NAME)";
				SDKROOT = auto;
				SUPPORTED_PLATFORMS = "iphoneos iphonesimulator macosx";
				SWIFT_EMIT_LOC_STRINGS = NO;
				SWIFT_VERSION = 5.0;
				TARGETED_DEVICE_FAMILY = "1,2";
				TEST_TARGET_NAME = FriendWise;
			};
			name = Release;
		};
/* End XCBuildConfiguration section */

/* Begin XCConfigurationList section */
		57234ADD2B902DDE000C50A0 /* Build configuration list for PBXProject "FriendWise" */ = {
			isa = XCConfigurationList;
			buildConfigurations = (
				57234B052B902DDF000C50A0 /* Debug */,
				57234B062B902DDF000C50A0 /* Release */,
			);
			defaultConfigurationIsVisible = 0;
			defaultConfigurationName = Release;
		};
		57234B072B902DDF000C50A0 /* Build configuration list for PBXNativeTarget "FriendWise" */ = {
			isa = XCConfigurationList;
			buildConfigurations = (
				57234B082B902DDF000C50A0 /* Debug */,
				57234B092B902DDF000C50A0 /* Release */,
			);
			defaultConfigurationIsVisible = 0;
			defaultConfigurationName = Release;
		};
		57234B0A2B902DDF000C50A0 /* Build configuration list for PBXNativeTarget "FriendWiseTests" */ = {
			isa = XCConfigurationList;
			buildConfigurations = (
				57234B0B2B902DDF000C50A0 /* Debug */,
				57234B0C2B902DDF000C50A0 /* Release */,
			);
			defaultConfigurationIsVisible = 0;
			defaultConfigurationName = Release;
		};
		57234B0D2B902DDF000C50A0 /* Build configuration list for PBXNativeTarget "FriendWiseUITests" */ = {
			isa = XCConfigurationList;
			buildConfigurations = (
				57234B0E2B902DDF000C50A0 /* Debug */,
				57234B0F2B902DDF000C50A0 /* Release */,
			);
			defaultConfigurationIsVisible = 0;
			defaultConfigurationName = Release;
		};
/* End XCConfigurationList section */
	};
	rootObject = 57234ADA2B902DDE000C50A0 /* Project object */;
}
